
Microsoft Visual Studio Solution File, Format Version 12.00
# Visual Studio Version 16
VisualStudioVersion = 16.0.30002.166
MinimumVisualStudioVersion = 10.0.40219.1
Project("{9A19103F-16F7-4668-BE54-9A1E7A4F7556}") = "MenuComponent.App", "MenuComponent.App\MenuComponent.App.csproj", "{8FC6F796-2850-4236-B53C-ABC1E8882694}"
EndProject
Global
	GlobalSection(SolutionConfigurationPlatforms) = preSolution
		Debug|Any CPU = Debug|Any CPU
		Release|Any CPU = Release|Any CPU
	EndGlobalSection
	GlobalSection(ProjectConfigurationPlatforms) = postSolution
		{8FC6F796-2850-4236-B53C-ABC1E8882694}.Debug|Any CPU.ActiveCfg = Debug|Any CPU
		{8FC6F796-2850-4236-B53C-ABC1E8882694}.Debug|Any CPU.Build.0 = Debug|Any CPU
		{8FC6F796-2850-4236-B53C-ABC1E8882694}.Release|Any CPU.ActiveCfg = Release|Any CPU
		{8FC6F796-2850-4236-B53C-ABC1E8882694}.Release|Any CPU.Build.0 = Release|Any CPU
	EndGlobalSection
	GlobalSection(SolutionProperties) = preSolution
		HideSolutionNode = FALSE
	EndGlobalSection
	GlobalSection(ExtensibilityGlobals) = postSolution
		SolutionGuid = {0BDDE25E-1F88-4FCC-B37E-D3A4FEA26414}
	EndGlobalSection
EndGlobal
